// !$*UTF8*$!
{
	archiveVersion = 1;
	classes = {
	};
	objectVersion = 55;
	objects = {

/* Begin PBXBuildFile section */
		101E5B7A2A3B6D5800208EC8 /* AppDelegate.swift in Sources */ = {isa = PBXBuildFile; fileRef = 101E5B792A3B6D5800208EC8 /* AppDelegate.swift */; };
		101E5B7C2A3B6D5800208EC8 /* SceneDelegate.swift in Sources */ = {isa = PBXBuildFile; fileRef = 101E5B7B2A3B6D5800208EC8 /* SceneDelegate.swift */; };
		101E5B7E2A3B6D5800208EC8 /* ViewController.swift in Sources */ = {isa = PBXBuildFile; fileRef = 101E5B7D2A3B6D5800208EC8 /* ViewController.swift */; };
		101E5B812A3B6D5800208EC8 /* Main.storyboard in Resources */ = {isa = PBXBuildFile; fileRef = 101E5B7F2A3B6D5800208EC8 /* Main.storyboard */; };
		101E5B832A3B6D5900208EC8 /* Assets.xcassets in Resources */ = {isa = PBXBuildFile; fileRef = 101E5B822A3B6D5900208EC8 /* Assets.xcassets */; };
		101E5B862A3B6D5900208EC8 /* LaunchScreen.storyboard in Resources */ = {isa = PBXBuildFile; fileRef = 101E5B842A3B6D5900208EC8 /* LaunchScreen.storyboard */; };
		102BAB652A4CB5090036B45D /* RegisterViewController.swift in Sources */ = {isa = PBXBuildFile; fileRef = 102BAB642A4CB5090036B45D /* RegisterViewController.swift */; };
		1050BE9F2A58B91C0009364B /* AudioViewController.swift in Sources */ = {isa = PBXBuildFile; fileRef = 1050BE9E2A58B91C0009364B /* AudioViewController.swift */; };
		107C44F52A587D1F004729E6 /* TareasViewController.swift in Sources */ = {isa = PBXBuildFile; fileRef = 107C44F42A587D1E004729E6 /* TareasViewController.swift */; };
		16B0A9AB70C68CB504F01721 /* Pods_ToDoMoviles.framework in Frameworks */ = {isa = PBXBuildFile; fileRef = 0E7D6D42C0AE354E31E05670 /* Pods_ToDoMoviles.framework */; };
		386399942A55D64400860EB9 /* GoogleService-Info.plist in Resources */ = {isa = PBXBuildFile; fileRef = 386399932A55D64400860EB9 /* GoogleService-Info.plist */; };
		58A4890F2A4C84E900DB0EC9 /* CreateTaskViewController.swift in Sources */ = {isa = PBXBuildFile; fileRef = 58A4890E2A4C84E900DB0EC9 /* CreateTaskViewController.swift */; };
		58A489112A4C8B6900DB0EC9 /* CustomCellTableViewCell.swift in Sources */ = {isa = PBXBuildFile; fileRef = 58A489102A4C8B6900DB0EC9 /* CustomCellTableViewCell.swift */; };
		E0241AC12A4627B800445308 /* Usuario.swift in Sources */ = {isa = PBXBuildFile; fileRef = E0241AC02A4627B800445308 /* Usuario.swift */; };
		E0880CB82A45FDCA0071F6C9 /* ToDoTableViewController.swift in Sources */ = {isa = PBXBuildFile; fileRef = E0880CB72A45FDC90071F6C9 /* ToDoTableViewController.swift */; };
		E0880CBC2A4605880071F6C9 /* Tarea.swift in Sources */ = {isa = PBXBuildFile; fileRef = E0880CBB2A4605880071F6C9 /* Tarea.swift */; };
/* End PBXBuildFile section */

/* Begin PBXFileReference section */
		0E7D6D42C0AE354E31E05670 /* Pods_ToDoMoviles.framework */ = {isa = PBXFileReference; explicitFileType = wrapper.framework; includeInIndex = 0; path = Pods_ToDoMoviles.framework; sourceTree = BUILT_PRODUCTS_DIR; };
		101E5B762A3B6D5800208EC8 /* ToDoMoviles.app */ = {isa = PBXFileReference; explicitFileType = wrapper.application; includeInIndex = 0; path = ToDoMoviles.app; sourceTree = BUILT_PRODUCTS_DIR; };
		101E5B792A3B6D5800208EC8 /* AppDelegate.swift */ = {isa = PBXFileReference; lastKnownFileType = sourcecode.swift; path = AppDelegate.swift; sourceTree = "<group>"; };
		101E5B7B2A3B6D5800208EC8 /* SceneDelegate.swift */ = {isa = PBXFileReference; lastKnownFileType = sourcecode.swift; path = SceneDelegate.swift; sourceTree = "<group>"; };
		101E5B7D2A3B6D5800208EC8 /* ViewController.swift */ = {isa = PBXFileReference; lastKnownFileType = sourcecode.swift; path = ViewController.swift; sourceTree = "<group>"; };
		101E5B802A3B6D5800208EC8 /* Base */ = {isa = PBXFileReference; lastKnownFileType = file.storyboard; name = Base; path = Base.lproj/Main.storyboard; sourceTree = "<group>"; };
		101E5B822A3B6D5900208EC8 /* Assets.xcassets */ = {isa = PBXFileReference; lastKnownFileType = folder.assetcatalog; path = Assets.xcassets; sourceTree = "<group>"; };
		101E5B852A3B6D5900208EC8 /* Base */ = {isa = PBXFileReference; lastKnownFileType = file.storyboard; name = Base; path = Base.lproj/LaunchScreen.storyboard; sourceTree = "<group>"; };
		101E5B872A3B6D5900208EC8 /* Info.plist */ = {isa = PBXFileReference; lastKnownFileType = text.plist.xml; path = Info.plist; sourceTree = "<group>"; };
		102BAB642A4CB5090036B45D /* RegisterViewController.swift */ = {isa = PBXFileReference; lastKnownFileType = sourcecode.swift; path = RegisterViewController.swift; sourceTree = "<group>"; };
		1050BE9E2A58B91C0009364B /* AudioViewController.swift */ = {isa = PBXFileReference; lastKnownFileType = sourcecode.swift; path = AudioViewController.swift; sourceTree = "<group>"; };
		107C44F42A587D1E004729E6 /* TareasViewController.swift */ = {isa = PBXFileReference; lastKnownFileType = sourcecode.swift; path = TareasViewController.swift; sourceTree = "<group>"; };
		1B7CE15361CDF0384597E3D7 /* Pods-ToDoMoviles.debug.xcconfig */ = {isa = PBXFileReference; includeInIndex = 1; lastKnownFileType = text.xcconfig; name = "Pods-ToDoMoviles.debug.xcconfig"; path = "Target Support Files/Pods-ToDoMoviles/Pods-ToDoMoviles.debug.xcconfig"; sourceTree = "<group>"; };
		386399932A55D64400860EB9 /* GoogleService-Info.plist */ = {isa = PBXFileReference; fileEncoding = 4; lastKnownFileType = text.plist.xml; path = "GoogleService-Info.plist"; sourceTree = "<group>"; };
		58A4890E2A4C84E900DB0EC9 /* CreateTaskViewController.swift */ = {isa = PBXFileReference; lastKnownFileType = sourcecode.swift; path = CreateTaskViewController.swift; sourceTree = "<group>"; };
		58A489102A4C8B6900DB0EC9 /* CustomCellTableViewCell.swift */ = {isa = PBXFileReference; lastKnownFileType = sourcecode.swift; path = CustomCellTableViewCell.swift; sourceTree = "<group>"; };
		CF53E3F230A6096D5169AD77 /* Pods-ToDoMoviles.release.xcconfig */ = {isa = PBXFileReference; includeInIndex = 1; lastKnownFileType = text.xcconfig; name = "Pods-ToDoMoviles.release.xcconfig"; path = "Target Support Files/Pods-ToDoMoviles/Pods-ToDoMoviles.release.xcconfig"; sourceTree = "<group>"; };
		E0241AC02A4627B800445308 /* Usuario.swift */ = {isa = PBXFileReference; lastKnownFileType = sourcecode.swift; path = Usuario.swift; sourceTree = "<group>"; };
		E0880CB72A45FDC90071F6C9 /* ToDoTableViewController.swift */ = {isa = PBXFileReference; lastKnownFileType = sourcecode.swift; path = ToDoTableViewController.swift; sourceTree = "<group>"; };
		E0880CBB2A4605880071F6C9 /* Tarea.swift */ = {isa = PBXFileReference; lastKnownFileType = sourcecode.swift; path = Tarea.swift; sourceTree = "<group>"; };
/* End PBXFileReference section */

/* Begin PBXFrameworksBuildPhase section */
		101E5B732A3B6D5800208EC8 /* Frameworks */ = {
			isa = PBXFrameworksBuildPhase;
			buildActionMask = 2147483647;
			files = (
				16B0A9AB70C68CB504F01721 /* Pods_ToDoMoviles.framework in Frameworks */,
			);
			runOnlyForDeploymentPostprocessing = 0;
		};
/* End PBXFrameworksBuildPhase section */

/* Begin PBXGroup section */
		101E5B6D2A3B6D5800208EC8 = {
			isa = PBXGroup;
			children = (
				101E5B782A3B6D5800208EC8 /* ToDoMoviles */,
				101E5B772A3B6D5800208EC8 /* Products */,
				447D4DBCC34E2B0DC6446D37 /* Pods */,
				EA087AC70F019FC6D17FCD56 /* Frameworks */,
			);
			sourceTree = "<group>";
		};
		101E5B772A3B6D5800208EC8 /* Products */ = {
			isa = PBXGroup;
			children = (
				101E5B762A3B6D5800208EC8 /* ToDoMoviles.app */,
			);
			name = Products;
			sourceTree = "<group>";
		};
		101E5B782A3B6D5800208EC8 /* ToDoMoviles */ = {
			isa = PBXGroup;
			children = (
				E0880CBA2A46056C0071F6C9 /* Controladores */,
				E0880CB92A4605620071F6C9 /* Modelos */,
				101E5B792A3B6D5800208EC8 /* AppDelegate.swift */,
				386399932A55D64400860EB9 /* GoogleService-Info.plist */,
				101E5B7B2A3B6D5800208EC8 /* SceneDelegate.swift */,
				101E5B7F2A3B6D5800208EC8 /* Main.storyboard */,
				101E5B822A3B6D5900208EC8 /* Assets.xcassets */,
				101E5B842A3B6D5900208EC8 /* LaunchScreen.storyboard */,
				101E5B872A3B6D5900208EC8 /* Info.plist */,
			);
			path = ToDoMoviles;
			sourceTree = "<group>";
		};
		447D4DBCC34E2B0DC6446D37 /* Pods */ = {
			isa = PBXGroup;
			children = (
				1B7CE15361CDF0384597E3D7 /* Pods-ToDoMoviles.debug.xcconfig */,
				CF53E3F230A6096D5169AD77 /* Pods-ToDoMoviles.release.xcconfig */,
			);
			path = Pods;
			sourceTree = "<group>";
		};
		E0880CB92A4605620071F6C9 /* Modelos */ = {
			isa = PBXGroup;
			children = (
				E0880CBB2A4605880071F6C9 /* Tarea.swift */,
				E0241AC02A4627B800445308 /* Usuario.swift */,
			);
			path = Modelos;
			sourceTree = "<group>";
		};
		E0880CBA2A46056C0071F6C9 /* Controladores */ = {
			isa = PBXGroup;
			children = (
				E0880CB72A45FDC90071F6C9 /* ToDoTableViewController.swift */,
				101E5B7D2A3B6D5800208EC8 /* ViewController.swift */,
				58A4890E2A4C84E900DB0EC9 /* CreateTaskViewController.swift */,
				58A489102A4C8B6900DB0EC9 /* CustomCellTableViewCell.swift */,
				102BAB642A4CB5090036B45D /* RegisterViewController.swift */,
				107C44F42A587D1E004729E6 /* TareasViewController.swift */,
				1050BE9E2A58B91C0009364B /* AudioViewController.swift */,
			);
			path = Controladores;
			sourceTree = "<group>";
		};
		EA087AC70F019FC6D17FCD56 /* Frameworks */ = {
			isa = PBXGroup;
			children = (
				0E7D6D42C0AE354E31E05670 /* Pods_ToDoMoviles.framework */,
			);
			name = Frameworks;
			sourceTree = "<group>";
		};
/* End PBXGroup section */

/* Begin PBXNativeTarget section */
		101E5B752A3B6D5800208EC8 /* ToDoMoviles */ = {
			isa = PBXNativeTarget;
			buildConfigurationList = 101E5B8A2A3B6D5900208EC8 /* Build configuration list for PBXNativeTarget "ToDoMoviles" */;
			buildPhases = (
				53083711A0F2F78C24047E92 /* [CP] Check Pods Manifest.lock */,
				101E5B722A3B6D5800208EC8 /* Sources */,
				101E5B732A3B6D5800208EC8 /* Frameworks */,
				101E5B742A3B6D5800208EC8 /* Resources */,
				E00AE2431A9A22435B4B7A2D /* [CP] Embed Pods Frameworks */,
			);
			buildRules = (
			);
			dependencies = (
			);
			name = ToDoMoviles;
			productName = ToDoMoviles;
			productReference = 101E5B762A3B6D5800208EC8 /* ToDoMoviles.app */;
			productType = "com.apple.product-type.application";
		};
/* End PBXNativeTarget section */

/* Begin PBXProject section */
		101E5B6E2A3B6D5800208EC8 /* Project object */ = {
			isa = PBXProject;
			attributes = {
				BuildIndependentTargetsInParallel = 1;
				LastSwiftUpdateCheck = 1340;
				LastUpgradeCheck = 1340;
				TargetAttributes = {
					101E5B752A3B6D5800208EC8 = {
						CreatedOnToolsVersion = 13.4.1;
					};
				};
			};
			buildConfigurationList = 101E5B712A3B6D5800208EC8 /* Build configuration list for PBXProject "ToDoMoviles" */;
			compatibilityVersion = "Xcode 13.0";
			developmentRegion = en;
			hasScannedForEncodings = 0;
			knownRegions = (
				en,
				Base,
			);
			mainGroup = 101E5B6D2A3B6D5800208EC8;
			productRefGroup = 101E5B772A3B6D5800208EC8 /* Products */;
			projectDirPath = "";
			projectRoot = "";
			targets = (
				101E5B752A3B6D5800208EC8 /* ToDoMoviles */,
			);
		};
/* End PBXProject section */

/* Begin PBXResourcesBuildPhase section */
		101E5B742A3B6D5800208EC8 /* Resources */ = {
			isa = PBXResourcesBuildPhase;
			buildActionMask = 2147483647;
			files = (
				101E5B862A3B6D5900208EC8 /* LaunchScreen.storyboard in Resources */,
				386399942A55D64400860EB9 /* GoogleService-Info.plist in Resources */,
				101E5B832A3B6D5900208EC8 /* Assets.xcassets in Resources */,
				101E5B812A3B6D5800208EC8 /* Main.storyboard in Resources */,
			);
			runOnlyForDeploymentPostprocessing = 0;
		};
/* End PBXResourcesBuildPhase section */

/* Begin PBXShellScriptBuildPhase section */
		53083711A0F2F78C24047E92 /* [CP] Check Pods Manifest.lock */ = {
			isa = PBXShellScriptBuildPhase;
			buildActionMask = 2147483647;
			files = (
			);
			inputFileListPaths = (
			);
			inputPaths = (
				"${PODS_PODFILE_DIR_PATH}/Podfile.lock",
				"${PODS_ROOT}/Manifest.lock",
			);
			name = "[CP] Check Pods Manifest.lock";
			outputFileListPaths = (
			);
			outputPaths = (
				"$(DERIVED_FILE_DIR)/Pods-ToDoMoviles-checkManifestLockResult.txt",
			);
			runOnlyForDeploymentPostprocessing = 0;
			shellPath = /bin/sh;
			shellScript = "diff \"${PODS_PODFILE_DIR_PATH}/Podfile.lock\" \"${PODS_ROOT}/Manifest.lock\" > /dev/null\nif [ $? != 0 ] ; then\n    # print error to STDERR\n    echo \"error: The sandbox is not in sync with the Podfile.lock. Run 'pod install' or update your CocoaPods installation.\" >&2\n    exit 1\nfi\n# This output is used by Xcode 'outputs' to avoid re-running this script phase.\necho \"SUCCESS\" > \"${SCRIPT_OUTPUT_FILE_0}\"\n";
			showEnvVarsInLog = 0;
		};
		E00AE2431A9A22435B4B7A2D /* [CP] Embed Pods Frameworks */ = {
			isa = PBXShellScriptBuildPhase;
			buildActionMask = 2147483647;
			files = (
			);
			inputFileListPaths = (
				"${PODS_ROOT}/Target Support Files/Pods-ToDoMoviles/Pods-ToDoMoviles-frameworks-${CONFIGURATION}-input-files.xcfilelist",
			);
			name = "[CP] Embed Pods Frameworks";
			outputFileListPaths = (
				"${PODS_ROOT}/Target Support Files/Pods-ToDoMoviles/Pods-ToDoMoviles-frameworks-${CONFIGURATION}-output-files.xcfilelist",
			);
			runOnlyForDeploymentPostprocessing = 0;
			shellPath = /bin/sh;
			shellScript = "\"${PODS_ROOT}/Target Support Files/Pods-ToDoMoviles/Pods-ToDoMoviles-frameworks.sh\"\n";
			showEnvVarsInLog = 0;
		};
/* End PBXShellScriptBuildPhase section */

/* Begin PBXSourcesBuildPhase section */
		101E5B722A3B6D5800208EC8 /* Sources */ = {
			isa = PBXSourcesBuildPhase;
			buildActionMask = 2147483647;
			files = (
				102BAB652A4CB5090036B45D /* RegisterViewController.swift in Sources */,
				101E5B7E2A3B6D5800208EC8 /* ViewController.swift in Sources */,
				E0880CB82A45FDCA0071F6C9 /* ToDoTableViewController.swift in Sources */,
				E0241AC12A4627B800445308 /* Usuario.swift in Sources */,
				101E5B7A2A3B6D5800208EC8 /* AppDelegate.swift in Sources */,
				101E5B7C2A3B6D5800208EC8 /* SceneDelegate.swift in Sources */,
				E0880CBC2A4605880071F6C9 /* Tarea.swift in Sources */,
				58A489112A4C8B6900DB0EC9 /* CustomCellTableViewCell.swift in Sources */,
				1050BE9F2A58B91C0009364B /* AudioViewController.swift in Sources */,
				107C44F52A587D1F004729E6 /* TareasViewController.swift in Sources */,
				58A4890F2A4C84E900DB0EC9 /* CreateTaskViewController.swift in Sources */,
			);
			runOnlyForDeploymentPostprocessing = 0;
		};
/* End PBXSourcesBuildPhase section */

/* Begin PBXVariantGroup section */
		101E5B7F2A3B6D5800208EC8 /* Main.storyboard */ = {
			isa = PBXVariantGroup;
			children = (
				101E5B802A3B6D5800208EC8 /* Base */,
			);
			name = Main.storyboard;
			sourceTree = "<group>";
		};
		101E5B842A3B6D5900208EC8 /* LaunchScreen.storyboard */ = {
			isa = PBXVariantGroup;
			children = (
				101E5B852A3B6D5900208EC8 /* Base */,
			);
			name = LaunchScreen.storyboard;
			sourceTree = "<group>";
		};
/* End PBXVariantGroup section */

/* Begin XCBuildConfiguration section */
		101E5B882A3B6D5900208EC8 /* Debug */ = {
			isa = XCBuildConfiguration;
			buildSettings = {
				ALWAYS_SEARCH_USER_PATHS = NO;
				CLANG_ANALYZER_NONNULL = YES;
				CLANG_ANALYZER_NUMBER_OBJECT_CONVERSION = YES_AGGRESSIVE;
				CLANG_CXX_LANGUAGE_STANDARD = "gnu++17";
				CLANG_ENABLE_MODULES = YES;
				CLANG_ENABLE_OBJC_ARC = YES;
				CLANG_ENABLE_OBJC_WEAK = YES;
				CLANG_WARN_BLOCK_CAPTURE_AUTORELEASING = YES;
				CLANG_WARN_BOOL_CONVERSION = YES;
				CLANG_WARN_COMMA = YES;
				CLANG_WARN_CONSTANT_CONVERSION = YES;
				CLANG_WARN_DEPRECATED_OBJC_IMPLEMENTATIONS = YES;
				CLANG_WARN_DIRECT_OBJC_ISA_USAGE = YES_ERROR;
				CLANG_WARN_DOCUMENTATION_COMMENTS = YES;
				CLANG_WARN_EMPTY_BODY = YES;
				CLANG_WARN_ENUM_CONVERSION = YES;
				CLANG_WARN_INFINITE_RECURSION = YES;
				CLANG_WARN_INT_CONVERSION = YES;
				CLANG_WARN_NON_LITERAL_NULL_CONVERSION = YES;
				CLANG_WARN_OBJC_IMPLICIT_RETAIN_SELF = YES;
				CLANG_WARN_OBJC_LITERAL_CONVERSION = YES;
				CLANG_WARN_OBJC_ROOT_CLASS = YES_ERROR;
				CLANG_WARN_QUOTED_INCLUDE_IN_FRAMEWORK_HEADER = YES;
				CLANG_WARN_RANGE_LOOP_ANALYSIS = YES;
				CLANG_WARN_STRICT_PROTOTYPES = YES;
				CLANG_WARN_SUSPICIOUS_MOVE = YES;
				CLANG_WARN_UNGUARDED_AVAILABILITY = YES_AGGRESSIVE;
				CLANG_WARN_UNREACHABLE_CODE = YES;
				CLANG_WARN__DUPLICATE_METHOD_MATCH = YES;
				COPY_PHASE_STRIP = NO;
				DEBUG_INFORMATION_FORMAT = dwarf;
				ENABLE_STRICT_OBJC_MSGSEND = YES;
				ENABLE_TESTABILITY = YES;
				GCC_C_LANGUAGE_STANDARD = gnu11;
				GCC_DYNAMIC_NO_PIC = NO;
				GCC_NO_COMMON_BLOCKS = YES;
				GCC_OPTIMIZATION_LEVEL = 0;
				GCC_PREPROCESSOR_DEFINITIONS = (
					"DEBUG=1",
					"$(inherited)",
				);
				GCC_WARN_64_TO_32_BIT_CONVERSION = YES;
				GCC_WARN_ABOUT_RETURN_TYPE = YES_ERROR;
				GCC_WARN_UNDECLARED_SELECTOR = YES;
				GCC_WARN_UNINITIALIZED_AUTOS = YES_AGGRESSIVE;
				GCC_WARN_UNUSED_FUNCTION = YES;
				GCC_WARN_UNUSED_VARIABLE = YES;
				IPHONEOS_DEPLOYMENT_TARGET = 15.4;
				MTL_ENABLE_DEBUG_INFO = INCLUDE_SOURCE;
				MTL_FAST_MATH = YES;
				ONLY_ACTIVE_ARCH = YES;
				SDKROOT = iphoneos;
				SWIFT_ACTIVE_COMPILATION_CONDITIONS = DEBUG;
				SWIFT_OPTIMIZATION_LEVEL = "-Onone";
			};
			name = Debug;
		};
		101E5B892A3B6D5900208EC8 /* Release */ = {
			isa = XCBuildConfiguration;
			buildSettings = {
				ALWAYS_SEARCH_USER_PATHS = NO;
				CLANG_ANALYZER_NONNULL = YES;
				CLANG_ANALYZER_NUMBER_OBJECT_CONVERSION = YES_AGGRESSIVE;
				CLANG_CXX_LANGUAGE_STANDARD = "gnu++17";
				CLANG_ENABLE_MODULES = YES;
				CLANG_ENABLE_OBJC_ARC = YES;
				CLANG_ENABLE_OBJC_WEAK = YES;
				CLANG_WARN_BLOCK_CAPTURE_AUTORELEASING = YES;
				CLANG_WARN_BOOL_CONVERSION = YES;
				CLANG_WARN_COMMA = YES;
				CLANG_WARN_CONSTANT_CONVERSION = YES;
				CLANG_WARN_DEPRECATED_OBJC_IMPLEMENTATIONS = YES;
				CLANG_WARN_DIRECT_OBJC_ISA_USAGE = YES_ERROR;
				CLANG_WARN_DOCUMENTATION_COMMENTS = YES;
				CLANG_WARN_EMPTY_BODY = YES;
				CLANG_WARN_ENUM_CONVERSION = YES;
				CLANG_WARN_INFINITE_RECURSION = YES;
				CLANG_WARN_INT_CONVERSION = YES;
				CLANG_WARN_NON_LITERAL_NULL_CONVERSION = YES;
				CLANG_WARN_OBJC_IMPLICIT_RETAIN_SELF = YES;
				CLANG_WARN_OBJC_LITERAL_CONVERSION = YES;
				CLANG_WARN_OBJC_ROOT_CLASS = YES_ERROR;
				CLANG_WARN_QUOTED_INCLUDE_IN_FRAMEWORK_HEADER = YES;
				CLANG_WARN_RANGE_LOOP_ANALYSIS = YES;
				CLANG_WARN_STRICT_PROTOTYPES = YES;
				CLANG_WARN_SUSPICIOUS_MOVE = YES;
				CLANG_WARN_UNGUARDED_AVAILABILITY = YES_AGGRESSIVE;
				CLANG_WARN_UNREACHABLE_CODE = YES;
				CLANG_WARN__DUPLICATE_METHOD_MATCH = YES;
				COPY_PHASE_STRIP = NO;
				DEBUG_INFORMATION_FORMAT = "dwarf-with-dsym";
				ENABLE_NS_ASSERTIONS = NO;
				ENABLE_STRICT_OBJC_MSGSEND = YES;
				GCC_C_LANGUAGE_STANDARD = gnu11;
				GCC_NO_COMMON_BLOCKS = YES;
				GCC_WARN_64_TO_32_BIT_CONVERSION = YES;
				GCC_WARN_ABOUT_RETURN_TYPE = YES_ERROR;
				GCC_WARN_UNDECLARED_SELECTOR = YES;
				GCC_WARN_UNINITIALIZED_AUTOS = YES_AGGRESSIVE;
				GCC_WARN_UNUSED_FUNCTION = YES;
				GCC_WARN_UNUSED_VARIABLE = YES;
				IPHONEOS_DEPLOYMENT_TARGET = 15.4;
				MTL_ENABLE_DEBUG_INFO = NO;
				MTL_FAST_MATH = YES;
				SDKROOT = iphoneos;
				SWIFT_COMPILATION_MODE = wholemodule;
				SWIFT_OPTIMIZATION_LEVEL = "-O";
				VALIDATE_PRODUCT = YES;
			};
			name = Release;
		};
		101E5B8B2A3B6D5900208EC8 /* Debug */ = {
			isa = XCBuildConfiguration;
			baseConfigurationReference = 1B7CE15361CDF0384597E3D7 /* Pods-ToDoMoviles.debug.xcconfig */;
			buildSettings = {
				ASSETCATALOG_COMPILER_APPICON_NAME = AppIcon;
				ASSETCATALOG_COMPILER_GLOBAL_ACCENT_COLOR_NAME = AccentColor;
				CODE_SIGN_IDENTITY = "Apple Development";
				CODE_SIGN_STYLE = Automatic;
				CURRENT_PROJECT_VERSION = 1;
				DEVELOPMENT_TEAM = UXURQ4S5Q3;
				GENERATE_INFOPLIST_FILE = YES;
				INFOPLIST_FILE = ToDoMoviles/Info.plist;
				INFOPLIST_KEY_UIApplicationSupportsIndirectInputEvents = YES;
				INFOPLIST_KEY_UILaunchStoryboardName = LaunchScreen;
				INFOPLIST_KEY_UIMainStoryboardFile = Main;
				INFOPLIST_KEY_UISupportedInterfaceOrientations_iPad = "UIInterfaceOrientationPortrait UIInterfaceOrientationPortraitUpsideDown UIInterfaceOrientationLandscapeLeft UIInterfaceOrientationLandscapeRight";
				INFOPLIST_KEY_UISupportedInterfaceOrientations_iPhone = "UIInterfaceOrientationPortrait UIInterfaceOrientationLandscapeLeft UIInterfaceOrientationLandscapeRight";
				LD_RUNPATH_SEARCH_PATHS = (
					"$(inherited)",
					"@executable_path/Frameworks",
				);
				MARKETING_VERSION = 1.0;
				PRODUCT_BUNDLE_IDENTIFIER = com.kiwivon.ToDoMoviles;
				PRODUCT_NAME = "$(TARGET_NAME)";
				PROVISIONING_PROFILE_SPECIFIER = "";
				SWIFT_EMIT_LOC_STRINGS = YES;
				SWIFT_VERSION = 5.0;
				TARGETED_DEVICE_FAMILY = "1,2";
			};
			name = Debug;
		};
		101E5B8C2A3B6D5900208EC8 /* Release */ = {
			isa = XCBuildConfiguration;
			baseConfigurationReference = CF53E3F230A6096D5169AD77 /* Pods-ToDoMoviles.release.xcconfig */;
			buildSettings = {
				ASSETCATALOG_COMPILER_APPICON_NAME = AppIcon;
				ASSETCATALOG_COMPILER_GLOBAL_ACCENT_COLOR_NAME = AccentColor;
				CODE_SIGN_IDENTITY = "Apple Development";
				CODE_SIGN_STYLE = Automatic;
				CURRENT_PROJECT_VERSION = 1;
				DEVELOPMENT_TEAM = UXURQ4S5Q3;
				GENERATE_INFOPLIST_FILE = YES;
				INFOPLIST_FILE = ToDoMoviles/Info.plist;
				INFOPLIST_KEY_UIApplicationSupportsIndirectInputEvents = YES;
				INFOPLIST_KEY_UILaunchStoryboardName = LaunchScreen;
				INFOPLIST_KEY_UIMainStoryboardFile = Main;
				INFOPLIST_KEY_UISupportedInterfaceOrientations_iPad = "UIInterfaceOrientationPortrait UIInterfaceOrientationPortraitUpsideDown UIInterfaceOrientationLandscapeLeft UIInterfaceOrientationLandscapeRight";
				INFOPLIST_KEY_UISupportedInterfaceOrientations_iPhone = "UIInterfaceOrientationPortrait UIInterfaceOrientationLandscapeLeft UIInterfaceOrientationLandscapeRight";
				LD_RUNPATH_SEARCH_PATHS = (
					"$(inherited)",
					"@executable_path/Frameworks",
				);
				MARKETING_VERSION = 1.0;
				PRODUCT_BUNDLE_IDENTIFIER = com.kiwivon.ToDoMoviles;
				PRODUCT_NAME = "$(TARGET_NAME)";
				PROVISIONING_PROFILE_SPECIFIER = "";
				SWIFT_EMIT_LOC_STRINGS = YES;
				SWIFT_VERSION = 5.0;
				TARGETED_DEVICE_FAMILY = "1,2";
			};
			name = Release;
		};
/* End XCBuildConfiguration section */

/* Begin XCConfigurationList section */
		101E5B712A3B6D5800208EC8 /* Build configuration list for PBXProject "ToDoMoviles" */ = {
			isa = XCConfigurationList;
			buildConfigurations = (
				101E5B882A3B6D5900208EC8 /* Debug */,
				101E5B892A3B6D5900208EC8 /* Release */,
			);
			defaultConfigurationIsVisible = 0;
			defaultConfigurationName = Release;
		};
		101E5B8A2A3B6D5900208EC8 /* Build configuration list for PBXNativeTarget "ToDoMoviles" */ = {
			isa = XCConfigurationList;
			buildConfigurations = (
				101E5B8B2A3B6D5900208EC8 /* Debug */,
				101E5B8C2A3B6D5900208EC8 /* Release */,
			);
			defaultConfigurationIsVisible = 0;
			defaultConfigurationName = Release;
		};
/* End XCConfigurationList section */
	};
	rootObject = 101E5B6E2A3B6D5800208EC8 /* Project object */;
}
